
Microsoft Visual Studio Solution File, Format Version 12.00
# Visual Studio Version 16
VisualStudioVersion = 16.0.29926.136
MinimumVisualStudioVersion = 10.0.40219.1
Project("{FAE04EC0-301F-11D3-BF4B-00C04F79EFBC}") = "WorkEmployees", "WorkEmployees\WorkEmployees.csproj", "{801EBA44-A4A5-4D4A-97C7-139ECA3906D7}"
EndProject
Global
	GlobalSection(SolutionConfigurationPlatforms) = preSolution
		Debug|Any CPU = Debug|Any CPU
		Release|Any CPU = Release|Any CPU
	EndGlobalSection
	GlobalSection(ProjectConfigurationPlatforms) = postSolution
		{801EBA44-A4A5-4D4A-97C7-139ECA3906D7}.Debug|Any CPU.ActiveCfg = Debug|Any CPU
		{801EBA44-A4A5-4D4A-97C7-139ECA3906D7}.Debug|Any CPU.Build.0 = Debug|Any CPU
		{801EBA44-A4A5-4D4A-97C7-139ECA3906D7}.Release|Any CPU.ActiveCfg = Release|Any CPU
		{801EBA44-A4A5-4D4A-97C7-139ECA3906D7}.Release|Any CPU.Build.0 = Release|Any CPU
	EndGlobalSection
	GlobalSection(SolutionProperties) = preSolution
		HideSolutionNode = FALSE
	EndGlobalSection
	GlobalSection(ExtensibilityGlobals) = postSolution
		SolutionGuid = {FD03E491-415B-41AB-B1DA-2ACAD8DB772B}
	EndGlobalSection
EndGlobal
